{
  "originHash" : "f9d07a0e11333669814abbb4b68b939c5007b32caa9dc6e345e3307e693ac8f6",
  "pins" : [
    {
      "identity" : "forever",
      "kind" : "remoteSourceControl",
      "location" : "https://github.com/jiachenyee/Forever",
      "state" : {
        "revision" : "90274e87842722d9b79e61431cbbef1c418944b6",
        "version" : "1.1.0"
      }
    }
  ],
  "version" : 3
}
